{
  "name": "DanielFahmy.github.io",
  "lockfileVersion": 3,
  "requires": true,
  "packages": {
    "": {
      "dependencies": {
        "open-holiday-js": "^1.0.3"
      }
    },
    "node_modules/open-holiday-js": {
      "version": "1.0.3",
      "resolved": "https://registry.npmjs.org/open-holiday-js/-/open-holiday-js-1.0.3.tgz",
      "integrity": "sha512-M6xcFSwq4zf9ahj62NRM6QbuVpl3PbZV9KQS06kwJRtZrAF/tyOIKjtdT22IN2A8cZMfi7+vwtqVq4zxTXZ//A==",
      "dependencies": {
        "zod": "^3.22.4"
      }
    },
    "node_modules/zod": {
      "version": "3.23.8",
      "resolved": "https://registry.npmjs.org/zod/-/zod-3.23.8.tgz",
      "integrity": "sha512-XBx9AXhXktjUqnepgTiE5flcKIYWi/rme0Eaj+5Y0lftuGBq+jyRu/md4WnuxqgP1ubdpNCsYEYPxrzVHD8d6g==",
      "funding": {
        "url": "https://github.com/sponsors/colinhacks"
      }
    }
  }
}
